
Microsoft Visual Studio Solution File, Format Version 12.00
# Visual Studio Version 16
VisualStudioVersion = 16.0.31424.327
MinimumVisualStudioVersion = 10.0.40219.1
Project("{2150E333-8FDC-42A3-9474-1A3956D46DE8}") = "Services", "Services", "{22D55E61-D5F8-4D1E-BD03-92D964C18E81}"
EndProject
Project("{2150E333-8FDC-42A3-9474-1A3956D46DE8}") = "Catalog", "Catalog", "{962ACE94-8D44-4CA3-A21F-AFEF1638B4EE}"
EndProject
Project("{FAE04EC0-301F-11D3-BF4B-00C04F79EFBC}") = "Course.Services.Catalog", "Services\Catalog\Course.Services.Catalog\Course.Services.Catalog.csproj", "{FFAD3201-5D4A-4AE7-966E-513F9AC888E4}"
EndProject
Project("{2150E333-8FDC-42A3-9474-1A3956D46DE8}") = "Solution Items", "Solution Items", "{746EF3BD-ED94-4FB9-A5CD-73CDE536B9F2}"
	ProjectSection(SolutionItems) = preProject
		ports.txt = ports.txt
	EndProjectSection
EndProject
Global
	GlobalSection(SolutionConfigurationPlatforms) = preSolution
		Debug|Any CPU = Debug|Any CPU
		Release|Any CPU = Release|Any CPU
	EndGlobalSection
	GlobalSection(ProjectConfigurationPlatforms) = postSolution
		{FFAD3201-5D4A-4AE7-966E-513F9AC888E4}.Debug|Any CPU.ActiveCfg = Debug|Any CPU
		{FFAD3201-5D4A-4AE7-966E-513F9AC888E4}.Debug|Any CPU.Build.0 = Debug|Any CPU
		{FFAD3201-5D4A-4AE7-966E-513F9AC888E4}.Release|Any CPU.ActiveCfg = Release|Any CPU
		{FFAD3201-5D4A-4AE7-966E-513F9AC888E4}.Release|Any CPU.Build.0 = Release|Any CPU
	EndGlobalSection
	GlobalSection(SolutionProperties) = preSolution
		HideSolutionNode = FALSE
	EndGlobalSection
	GlobalSection(NestedProjects) = preSolution
		{962ACE94-8D44-4CA3-A21F-AFEF1638B4EE} = {22D55E61-D5F8-4D1E-BD03-92D964C18E81}
		{FFAD3201-5D4A-4AE7-966E-513F9AC888E4} = {962ACE94-8D44-4CA3-A21F-AFEF1638B4EE}
	EndGlobalSection
	GlobalSection(ExtensibilityGlobals) = postSolution
		SolutionGuid = {85AFA932-ED49-430D-85A0-0A75E7E5D5A1}
	EndGlobalSection
EndGlobal
